
Microsoft Visual Studio Solution File, Format Version 12.00
# Visual Studio 14
VisualStudioVersion = 14.0.24720.0
MinimumVisualStudioVersion = 10.0.40219.1
Project("{FAE04EC0-301F-11D3-BF4B-00C04F79EFBC}") = "Statistics", "Statistics\Statistics.csproj", "{A7D4B160-4D79-42A7-B729-64803D74968D}"
EndProject
Project("{FAE04EC0-301F-11D3-BF4B-00C04F79EFBC}") = "Statistics.Tests", "Statistics.Tests\Statistics.Tests.csproj", "{BE948EDF-66C0-44C7-A676-5AD765DBB40C}"
EndProject
Global
	GlobalSection(SolutionConfigurationPlatforms) = preSolution
		Debug|AnyCPU.NET46 = Debug|AnyCPU.NET46
		Release|AnyCPU.NET46 = Release|AnyCPU.NET46
	EndGlobalSection
	GlobalSection(ProjectConfigurationPlatforms) = postSolution
		{A7D4B160-4D79-42A7-B729-64803D74968D}.Debug|AnyCPU.NET46.ActiveCfg = Debug|AnyCPU.NET46
		{A7D4B160-4D79-42A7-B729-64803D74968D}.Debug|AnyCPU.NET46.Build.0 = Debug|AnyCPU.NET46
		{A7D4B160-4D79-42A7-B729-64803D74968D}.Release|AnyCPU.NET46.ActiveCfg = Release|AnyCPU.NET46
		{A7D4B160-4D79-42A7-B729-64803D74968D}.Release|AnyCPU.NET46.Build.0 = Release|AnyCPU.NET46
		{BE948EDF-66C0-44C7-A676-5AD765DBB40C}.Debug|AnyCPU.NET46.ActiveCfg = Debug|AnyCPU.NET46
		{BE948EDF-66C0-44C7-A676-5AD765DBB40C}.Debug|AnyCPU.NET46.Build.0 = Debug|AnyCPU.NET46
		{BE948EDF-66C0-44C7-A676-5AD765DBB40C}.Release|AnyCPU.NET46.ActiveCfg = Release|AnyCPU.NET46
		{BE948EDF-66C0-44C7-A676-5AD765DBB40C}.Release|AnyCPU.NET46.Build.0 = Release|AnyCPU.NET46
	EndGlobalSection
	GlobalSection(SolutionProperties) = preSolution
		HideSolutionNode = FALSE
	EndGlobalSection
EndGlobal
