
Microsoft Visual Studio Solution File, Format Version 12.00
# Visual Studio 14
VisualStudioVersion = 14.0.23107.0
MinimumVisualStudioVersion = 10.0.40219.1
Project("{FAE04EC0-301F-11D3-BF4B-00C04F79EFBC}") = "Statistics", "Statistics\Statistics.csproj", "{A7D4B160-4D79-42A7-B729-64803D74968D}"
EndProject
Project("{FAE04EC0-301F-11D3-BF4B-00C04F79EFBC}") = "Statistics.Tests", "Statistics.Tests\Statistics.Tests.csproj", "{BE948EDF-66C0-44C7-A676-5AD765DBB40C}"
EndProject
Global
	GlobalSection(SolutionConfigurationPlatforms) = preSolution
		Debug|Any CPU = Debug|Any CPU
		Release|Any CPU = Release|Any CPU
	EndGlobalSection
	GlobalSection(ProjectConfigurationPlatforms) = postSolution
		{A7D4B160-4D79-42A7-B729-64803D74968D}.Debug|Any CPU.ActiveCfg = Debug|Any CPU
		{A7D4B160-4D79-42A7-B729-64803D74968D}.Debug|Any CPU.Build.0 = Debug|Any CPU
		{A7D4B160-4D79-42A7-B729-64803D74968D}.Release|Any CPU.ActiveCfg = Release|Any CPU
		{A7D4B160-4D79-42A7-B729-64803D74968D}.Release|Any CPU.Build.0 = Release|Any CPU
		{BE948EDF-66C0-44C7-A676-5AD765DBB40C}.Debug|Any CPU.ActiveCfg = Debug|Any CPU
		{BE948EDF-66C0-44C7-A676-5AD765DBB40C}.Debug|Any CPU.Build.0 = Debug|Any CPU
		{BE948EDF-66C0-44C7-A676-5AD765DBB40C}.Release|Any CPU.ActiveCfg = Release|Any CPU
		{BE948EDF-66C0-44C7-A676-5AD765DBB40C}.Release|Any CPU.Build.0 = Release|Any CPU
	EndGlobalSection
	GlobalSection(SolutionProperties) = preSolution
		HideSolutionNode = FALSE
	EndGlobalSection
EndGlobal
